
Microsoft Visual Studio Solution File, Format Version 12.00
# Visual Studio Version 16
VisualStudioVersion = 16.0.30523.141
MinimumVisualStudioVersion = 10.0.40219.1
Project("{9A19103F-16F7-4668-BE54-9A1E7A4F7556}") = "ShutdownScheduler", "ShutdownScheduler\ShutdownScheduler.csproj", "{31EE3373-3CA1-4B7F-8658-D0EEA650CAFF}"
EndProject
Global
	GlobalSection(SolutionConfigurationPlatforms) = preSolution
		Debug|Any CPU = Debug|Any CPU
		Release|Any CPU = Release|Any CPU
	EndGlobalSection
	GlobalSection(ProjectConfigurationPlatforms) = postSolution
		{31EE3373-3CA1-4B7F-8658-D0EEA650CAFF}.Debug|Any CPU.ActiveCfg = Debug|Any CPU
		{31EE3373-3CA1-4B7F-8658-D0EEA650CAFF}.Debug|Any CPU.Build.0 = Debug|Any CPU
		{31EE3373-3CA1-4B7F-8658-D0EEA650CAFF}.Release|Any CPU.ActiveCfg = Release|Any CPU
		{31EE3373-3CA1-4B7F-8658-D0EEA650CAFF}.Release|Any CPU.Build.0 = Release|Any CPU
	EndGlobalSection
	GlobalSection(SolutionProperties) = preSolution
		HideSolutionNode = FALSE
	EndGlobalSection
	GlobalSection(ExtensibilityGlobals) = postSolution
		SolutionGuid = {C002BB45-C068-4105-B9E7-2CA0759549E5}
	EndGlobalSection
EndGlobal
